schema: '2.0'
stages:
  data_ingestion:
    cmd: python src/data_ingestion.py
    deps:
    - path: src/data_ingestion.py
      hash: md5
      md5: 95b82d27357e315058dfab0ba78d9f5e
      size: 3569
    params:
      params.yaml:
        data_ingestion.test_size: 0.3
    outs:
    - path: data/raw
      hash: md5
      md5: d26befd2dda9438254177d9000d9ba1f.dir
      size: 484846
      nfiles: 2
  data_preprocessing:
    cmd: python src/data_preprocessing.py
    deps:
    - path: data/raw
      hash: md5
      md5: d26befd2dda9438254177d9000d9ba1f.dir
      size: 484846
      nfiles: 2
    - path: src/data_preprocessing.py
      hash: md5
      md5: 0ace8eb61f53408129cd4b8121cc2c50
      size: 3623
    outs:
    - path: data/interim
      hash: md5
      md5: 61ca13b2e20854a1f7bacbbcfeca409e.dir
      size: 262513
      nfiles: 2
  feature_engineering:
    cmd: python src/feature_engineering.py
    deps:
    - path: data/interim
      hash: md5
      md5: 61ca13b2e20854a1f7bacbbcfeca409e.dir
      size: 262513
      nfiles: 2
    - path: src/feature_engineering.py
      hash: md5
      md5: de51dee4ee2c753cc16cb8578fb39909
      size: 4026
    params:
      params.yaml:
        feature_engineering.max_features: 1000
    outs:
    - path: data/processed
      hash: md5
      md5: b80da5573fbcf935c312070dfc98db51.dir
      size: 21662724
      nfiles: 2
  model_training:
    cmd: python src/model_training.py
    deps:
    - path: data/processed
      hash: md5
      md5: b80da5573fbcf935c312070dfc98db51.dir
      size: 21662724
      nfiles: 2
    - path: src/model_training.py
      hash: md5
      md5: d5fa9dc8e205bdfe594de1288d8acf79
      size: 4477
    params:
      params.yaml:
        model_training.n_estimators: 25
        model_training.random_state: 2
    outs:
    - path: models/model.pkl
      hash: md5
      md5: 9629b6036b34ad9e8cc42deba0cd3f57
      size: 1747628
  model_evaluation:
    cmd: python src/model_evaluation.py
    deps:
    - path: models/model.pkl
      hash: md5
      md5: 9629b6036b34ad9e8cc42deba0cd3f57
      size: 1747628
    - path: src/model_evaluation.py
      hash: md5
      md5: f87c7add7a8a307fe0402a56d590e5b6
      size: 4729
    outs:
    - path: reports/metrics.json
      hash: md5
      md5: 9c3d3e28f7b2e9095f1a60e3fb7eabd1
      size: 145
